
Microsoft Visual Studio Solution File, Format Version 12.00
# Visual Studio Version 17
VisualStudioVersion = 17.0.32014.148
MinimumVisualStudioVersion = 10.0.40219.1
Project("{FAE04EC0-301F-11D3-BF4B-00C04F79EFBC}") = "Zahlraten", "Zahlraten\Zahlraten.csproj", "{57915097-89A1-4824-AB41-A757195A219B}"
EndProject
Global
	GlobalSection(SolutionConfigurationPlatforms) = preSolution
		Debug|Any CPU = Debug|Any CPU
		Release|Any CPU = Release|Any CPU
	EndGlobalSection
	GlobalSection(ProjectConfigurationPlatforms) = postSolution
		{57915097-89A1-4824-AB41-A757195A219B}.Debug|Any CPU.ActiveCfg = Debug|Any CPU
		{57915097-89A1-4824-AB41-A757195A219B}.Debug|Any CPU.Build.0 = Debug|Any CPU
		{57915097-89A1-4824-AB41-A757195A219B}.Release|Any CPU.ActiveCfg = Release|Any CPU
		{57915097-89A1-4824-AB41-A757195A219B}.Release|Any CPU.Build.0 = Release|Any CPU
	EndGlobalSection
	GlobalSection(SolutionProperties) = preSolution
		HideSolutionNode = FALSE
	EndGlobalSection
	GlobalSection(ExtensibilityGlobals) = postSolution
		SolutionGuid = {5BCD1F6A-963B-4A47-BE7C-B3A6B00573C8}
	EndGlobalSection
EndGlobal
