
Microsoft Visual Studio Solution File, Format Version 12.00
# Visual Studio Version 17
VisualStudioVersion = 17.0.32014.148
MinimumVisualStudioVersion = 10.0.40219.1
Project("{FAE04EC0-301F-11D3-BF4B-00C04F79EFBC}") = "Paasword", "Paasword\Paasword.csproj", "{81427544-6FA5-41D8-8FCE-AE00A8F5CED7}"
EndProject
Global
	GlobalSection(SolutionConfigurationPlatforms) = preSolution
		Debug|Any CPU = Debug|Any CPU
		Release|Any CPU = Release|Any CPU
	EndGlobalSection
	GlobalSection(ProjectConfigurationPlatforms) = postSolution
		{81427544-6FA5-41D8-8FCE-AE00A8F5CED7}.Debug|Any CPU.ActiveCfg = Debug|Any CPU
		{81427544-6FA5-41D8-8FCE-AE00A8F5CED7}.Debug|Any CPU.Build.0 = Debug|Any CPU
		{81427544-6FA5-41D8-8FCE-AE00A8F5CED7}.Release|Any CPU.ActiveCfg = Release|Any CPU
		{81427544-6FA5-41D8-8FCE-AE00A8F5CED7}.Release|Any CPU.Build.0 = Release|Any CPU
	EndGlobalSection
	GlobalSection(SolutionProperties) = preSolution
		HideSolutionNode = FALSE
	EndGlobalSection
	GlobalSection(ExtensibilityGlobals) = postSolution
		SolutionGuid = {61B6C163-BD06-4C89-9290-7FBB27B9B468}
	EndGlobalSection
EndGlobal
