
Microsoft Visual Studio Solution File, Format Version 12.00
# Visual Studio Version 17
VisualStudioVersion = 17.0.32014.148
MinimumVisualStudioVersion = 10.0.40219.1
Project("{FAE04EC0-301F-11D3-BF4B-00C04F79EFBC}") = "Vocal-Converts", "Vocal-Converts\Vocal-Converts.csproj", "{17205DCF-069D-4171-B968-A70B8179486E}"
EndProject
Global
	GlobalSection(SolutionConfigurationPlatforms) = preSolution
		Debug|Any CPU = Debug|Any CPU
		Release|Any CPU = Release|Any CPU
	EndGlobalSection
	GlobalSection(ProjectConfigurationPlatforms) = postSolution
		{17205DCF-069D-4171-B968-A70B8179486E}.Debug|Any CPU.ActiveCfg = Debug|Any CPU
		{17205DCF-069D-4171-B968-A70B8179486E}.Debug|Any CPU.Build.0 = Debug|Any CPU
		{17205DCF-069D-4171-B968-A70B8179486E}.Release|Any CPU.ActiveCfg = Release|Any CPU
		{17205DCF-069D-4171-B968-A70B8179486E}.Release|Any CPU.Build.0 = Release|Any CPU
	EndGlobalSection
	GlobalSection(SolutionProperties) = preSolution
		HideSolutionNode = FALSE
	EndGlobalSection
	GlobalSection(ExtensibilityGlobals) = postSolution
		SolutionGuid = {0F96DC7F-DDF1-4E89-84DD-8845627F7617}
	EndGlobalSection
EndGlobal
