
Microsoft Visual Studio Solution File, Format Version 12.00
# Visual Studio Version 17
VisualStudioVersion = 17.0.32014.148
MinimumVisualStudioVersion = 10.0.40219.1
Project("{9A19103F-16F7-4668-BE54-9A1E7A4F7556}") = "OOP", "OOP\OOP.csproj", "{36C5A00C-F6E3-40CC-B9B8-1AB2AD179671}"
EndProject
Project("{FAE04EC0-301F-11D3-BF4B-00C04F79EFBC}") = "OOP2", "OOP2\OOP2.csproj", "{CC399523-DE66-49C9-9572-E4AA0F239FE1}"
EndProject
Global
	GlobalSection(SolutionConfigurationPlatforms) = preSolution
		Debug|Any CPU = Debug|Any CPU
		Release|Any CPU = Release|Any CPU
	EndGlobalSection
	GlobalSection(ProjectConfigurationPlatforms) = postSolution
		{36C5A00C-F6E3-40CC-B9B8-1AB2AD179671}.Debug|Any CPU.ActiveCfg = Debug|Any CPU
		{36C5A00C-F6E3-40CC-B9B8-1AB2AD179671}.Debug|Any CPU.Build.0 = Debug|Any CPU
		{36C5A00C-F6E3-40CC-B9B8-1AB2AD179671}.Release|Any CPU.ActiveCfg = Release|Any CPU
		{36C5A00C-F6E3-40CC-B9B8-1AB2AD179671}.Release|Any CPU.Build.0 = Release|Any CPU
		{CC399523-DE66-49C9-9572-E4AA0F239FE1}.Debug|Any CPU.ActiveCfg = Debug|Any CPU
		{CC399523-DE66-49C9-9572-E4AA0F239FE1}.Debug|Any CPU.Build.0 = Debug|Any CPU
		{CC399523-DE66-49C9-9572-E4AA0F239FE1}.Release|Any CPU.ActiveCfg = Release|Any CPU
		{CC399523-DE66-49C9-9572-E4AA0F239FE1}.Release|Any CPU.Build.0 = Release|Any CPU
	EndGlobalSection
	GlobalSection(SolutionProperties) = preSolution
		HideSolutionNode = FALSE
	EndGlobalSection
	GlobalSection(ExtensibilityGlobals) = postSolution
		SolutionGuid = {7756719B-DF47-49EC-8596-1FA11BED1E7F}
	EndGlobalSection
EndGlobal
