
Microsoft Visual Studio Solution File, Format Version 12.00
# Visual Studio Version 17
VisualStudioVersion = 17.0.32014.148
MinimumVisualStudioVersion = 10.0.40219.1
Project("{FAE04EC0-301F-11D3-BF4B-00C04F79EFBC}") = "Char_Finder", "Char_Finder\Char_Finder.csproj", "{39B4F323-E921-4A1A-B54B-264F41426BB1}"
EndProject
Global
	GlobalSection(SolutionConfigurationPlatforms) = preSolution
		Debug|Any CPU = Debug|Any CPU
		Release|Any CPU = Release|Any CPU
	EndGlobalSection
	GlobalSection(ProjectConfigurationPlatforms) = postSolution
		{39B4F323-E921-4A1A-B54B-264F41426BB1}.Debug|Any CPU.ActiveCfg = Debug|Any CPU
		{39B4F323-E921-4A1A-B54B-264F41426BB1}.Debug|Any CPU.Build.0 = Debug|Any CPU
		{39B4F323-E921-4A1A-B54B-264F41426BB1}.Release|Any CPU.ActiveCfg = Release|Any CPU
		{39B4F323-E921-4A1A-B54B-264F41426BB1}.Release|Any CPU.Build.0 = Release|Any CPU
	EndGlobalSection
	GlobalSection(SolutionProperties) = preSolution
		HideSolutionNode = FALSE
	EndGlobalSection
	GlobalSection(ExtensibilityGlobals) = postSolution
		SolutionGuid = {308BA6B0-6CEB-4B15-8270-1E4D4E215290}
	EndGlobalSection
EndGlobal
