
Microsoft Visual Studio Solution File, Format Version 12.00
# Visual Studio Version 17
VisualStudioVersion = 17.1.32319.34
MinimumVisualStudioVersion = 10.0.40219.1
Project("{9A19103F-16F7-4668-BE54-9A1E7A4F7556}") = "CSharpSectionTwo", "CSharpSectionTwo\CSharpSectionTwo.csproj", "{AF16EE48-1796-4582-BE50-15111BAA7CC3}"
EndProject
Project("{9A19103F-16F7-4668-BE54-9A1E7A4F7556}") = "Section3", "Section3\Section3.csproj", "{65345284-D111-453D-A6F2-1CE9220DFD2F}"
EndProject
Project("{9A19103F-16F7-4668-BE54-9A1E7A4F7556}") = "Section5", "Section5\Section5.csproj", "{BAECDF03-F316-4F3E-A9AC-2A0AAE196B0D}"
EndProject
Project("{9A19103F-16F7-4668-BE54-9A1E7A4F7556}") = "Section6", "Section6\Section6.csproj", "{44BEF543-422B-4B7A-9CB7-AAF82B12AAD8}"
EndProject
Project("{9A19103F-16F7-4668-BE54-9A1E7A4F7556}") = "Section7", "Section7\Section7.csproj", "{BC0CBCA5-4663-4A41-AA39-5D756D76A8CE}"
EndProject
Project("{9A19103F-16F7-4668-BE54-9A1E7A4F7556}") = "21Arrays", "21Arrays\21Arrays.csproj", "{9BBF93D0-BBA8-43A5-B69B-8697709D76EE}"
EndProject
Project("{9A19103F-16F7-4668-BE54-9A1E7A4F7556}") = "Collections22", "Collections22\Collections22.csproj", "{4D696F33-EF37-47E8-9F80-A59415DAE0BD}"
EndProject
Project("{9A19103F-16F7-4668-BE54-9A1E7A4F7556}") = "Colection22.1", "Colection22.1\Colection22.1.csproj", "{FBFF5B06-1A2D-4C2C-BB6A-43ED054EDCA6}"
EndProject
Project("{9A19103F-16F7-4668-BE54-9A1E7A4F7556}") = "Seciton25", "Seciton25\Seciton25.csproj", "{BDB40DF1-1D42-4128-A849-EC685B0C05A5}"
EndProject
Project("{FAE04EC0-301F-11D3-BF4B-00C04F79EFBC}") = "YousefBank.Entities", "YousefBank.Entities\YousefBank.Entities.csproj", "{BFA7D377-D853-4DB2-A44C-1B32A203FAB3}"
EndProject
Project("{FAE04EC0-301F-11D3-BF4B-00C04F79EFBC}") = "YousefBank.DataAcc", "YousefBank.DataAcc\YousefBank.DataAcc.csproj", "{1FD7833F-A7EF-4A33-8A20-0DE43369738C}"
EndProject
Project("{FAE04EC0-301F-11D3-BF4B-00C04F79EFBC}") = "YousefBank.BusinessLogicLayer", "YousefBank.BusinessLogicLayer\YousefBank.BusinessLogicLayer.csproj", "{BD7DC25A-BD98-4517-9B75-09A9E74BCB12}"
EndProject
Project("{FAE04EC0-301F-11D3-BF4B-00C04F79EFBC}") = "YousefBank.configuration", "YousefBank.configuration\YousefBank.configuration.csproj", "{123A8C6B-333B-408D-A099-ABC3C9B65899}"
EndProject
Project("{FAE04EC0-301F-11D3-BF4B-00C04F79EFBC}") = "YousefBank.Eceptions", "YousefBank.Eceptions\YousefBank.Eceptions.csproj", "{B40938AD-9E5E-43F2-B806-A4E4AD3FD71F}"
EndProject
Global
	GlobalSection(SolutionConfigurationPlatforms) = preSolution
		Debug|Any CPU = Debug|Any CPU
		Release|Any CPU = Release|Any CPU
	EndGlobalSection
	GlobalSection(ProjectConfigurationPlatforms) = postSolution
		{AF16EE48-1796-4582-BE50-15111BAA7CC3}.Debug|Any CPU.ActiveCfg = Debug|Any CPU
		{AF16EE48-1796-4582-BE50-15111BAA7CC3}.Debug|Any CPU.Build.0 = Debug|Any CPU
		{AF16EE48-1796-4582-BE50-15111BAA7CC3}.Release|Any CPU.ActiveCfg = Release|Any CPU
		{AF16EE48-1796-4582-BE50-15111BAA7CC3}.Release|Any CPU.Build.0 = Release|Any CPU
		{65345284-D111-453D-A6F2-1CE9220DFD2F}.Debug|Any CPU.ActiveCfg = Debug|Any CPU
		{65345284-D111-453D-A6F2-1CE9220DFD2F}.Debug|Any CPU.Build.0 = Debug|Any CPU
		{65345284-D111-453D-A6F2-1CE9220DFD2F}.Release|Any CPU.ActiveCfg = Release|Any CPU
		{65345284-D111-453D-A6F2-1CE9220DFD2F}.Release|Any CPU.Build.0 = Release|Any CPU
		{BAECDF03-F316-4F3E-A9AC-2A0AAE196B0D}.Debug|Any CPU.ActiveCfg = Debug|Any CPU
		{BAECDF03-F316-4F3E-A9AC-2A0AAE196B0D}.Debug|Any CPU.Build.0 = Debug|Any CPU
		{BAECDF03-F316-4F3E-A9AC-2A0AAE196B0D}.Release|Any CPU.ActiveCfg = Release|Any CPU
		{BAECDF03-F316-4F3E-A9AC-2A0AAE196B0D}.Release|Any CPU.Build.0 = Release|Any CPU
		{44BEF543-422B-4B7A-9CB7-AAF82B12AAD8}.Debug|Any CPU.ActiveCfg = Debug|Any CPU
		{44BEF543-422B-4B7A-9CB7-AAF82B12AAD8}.Debug|Any CPU.Build.0 = Debug|Any CPU
		{44BEF543-422B-4B7A-9CB7-AAF82B12AAD8}.Release|Any CPU.ActiveCfg = Release|Any CPU
		{44BEF543-422B-4B7A-9CB7-AAF82B12AAD8}.Release|Any CPU.Build.0 = Release|Any CPU
		{BC0CBCA5-4663-4A41-AA39-5D756D76A8CE}.Debug|Any CPU.ActiveCfg = Debug|Any CPU
		{BC0CBCA5-4663-4A41-AA39-5D756D76A8CE}.Debug|Any CPU.Build.0 = Debug|Any CPU
		{BC0CBCA5-4663-4A41-AA39-5D756D76A8CE}.Release|Any CPU.ActiveCfg = Release|Any CPU
		{BC0CBCA5-4663-4A41-AA39-5D756D76A8CE}.Release|Any CPU.Build.0 = Release|Any CPU
		{9BBF93D0-BBA8-43A5-B69B-8697709D76EE}.Debug|Any CPU.ActiveCfg = Debug|Any CPU
		{9BBF93D0-BBA8-43A5-B69B-8697709D76EE}.Debug|Any CPU.Build.0 = Debug|Any CPU
		{9BBF93D0-BBA8-43A5-B69B-8697709D76EE}.Release|Any CPU.ActiveCfg = Release|Any CPU
		{9BBF93D0-BBA8-43A5-B69B-8697709D76EE}.Release|Any CPU.Build.0 = Release|Any CPU
		{4D696F33-EF37-47E8-9F80-A59415DAE0BD}.Debug|Any CPU.ActiveCfg = Debug|Any CPU
		{4D696F33-EF37-47E8-9F80-A59415DAE0BD}.Debug|Any CPU.Build.0 = Debug|Any CPU
		{4D696F33-EF37-47E8-9F80-A59415DAE0BD}.Release|Any CPU.ActiveCfg = Release|Any CPU
		{4D696F33-EF37-47E8-9F80-A59415DAE0BD}.Release|Any CPU.Build.0 = Release|Any CPU
		{FBFF5B06-1A2D-4C2C-BB6A-43ED054EDCA6}.Debug|Any CPU.ActiveCfg = Debug|Any CPU
		{FBFF5B06-1A2D-4C2C-BB6A-43ED054EDCA6}.Debug|Any CPU.Build.0 = Debug|Any CPU
		{FBFF5B06-1A2D-4C2C-BB6A-43ED054EDCA6}.Release|Any CPU.ActiveCfg = Release|Any CPU
		{FBFF5B06-1A2D-4C2C-BB6A-43ED054EDCA6}.Release|Any CPU.Build.0 = Release|Any CPU
		{BDB40DF1-1D42-4128-A849-EC685B0C05A5}.Debug|Any CPU.ActiveCfg = Debug|Any CPU
		{BDB40DF1-1D42-4128-A849-EC685B0C05A5}.Debug|Any CPU.Build.0 = Debug|Any CPU
		{BDB40DF1-1D42-4128-A849-EC685B0C05A5}.Release|Any CPU.ActiveCfg = Release|Any CPU
		{BDB40DF1-1D42-4128-A849-EC685B0C05A5}.Release|Any CPU.Build.0 = Release|Any CPU
		{BFA7D377-D853-4DB2-A44C-1B32A203FAB3}.Debug|Any CPU.ActiveCfg = Debug|Any CPU
		{BFA7D377-D853-4DB2-A44C-1B32A203FAB3}.Debug|Any CPU.Build.0 = Debug|Any CPU
		{BFA7D377-D853-4DB2-A44C-1B32A203FAB3}.Release|Any CPU.ActiveCfg = Release|Any CPU
		{BFA7D377-D853-4DB2-A44C-1B32A203FAB3}.Release|Any CPU.Build.0 = Release|Any CPU
		{1FD7833F-A7EF-4A33-8A20-0DE43369738C}.Debug|Any CPU.ActiveCfg = Debug|Any CPU
		{1FD7833F-A7EF-4A33-8A20-0DE43369738C}.Debug|Any CPU.Build.0 = Debug|Any CPU
		{1FD7833F-A7EF-4A33-8A20-0DE43369738C}.Release|Any CPU.ActiveCfg = Release|Any CPU
		{1FD7833F-A7EF-4A33-8A20-0DE43369738C}.Release|Any CPU.Build.0 = Release|Any CPU
		{BD7DC25A-BD98-4517-9B75-09A9E74BCB12}.Debug|Any CPU.ActiveCfg = Debug|Any CPU
		{BD7DC25A-BD98-4517-9B75-09A9E74BCB12}.Debug|Any CPU.Build.0 = Debug|Any CPU
		{BD7DC25A-BD98-4517-9B75-09A9E74BCB12}.Release|Any CPU.ActiveCfg = Release|Any CPU
		{BD7DC25A-BD98-4517-9B75-09A9E74BCB12}.Release|Any CPU.Build.0 = Release|Any CPU
		{123A8C6B-333B-408D-A099-ABC3C9B65899}.Debug|Any CPU.ActiveCfg = Debug|Any CPU
		{123A8C6B-333B-408D-A099-ABC3C9B65899}.Debug|Any CPU.Build.0 = Debug|Any CPU
		{123A8C6B-333B-408D-A099-ABC3C9B65899}.Release|Any CPU.ActiveCfg = Release|Any CPU
		{123A8C6B-333B-408D-A099-ABC3C9B65899}.Release|Any CPU.Build.0 = Release|Any CPU
		{B40938AD-9E5E-43F2-B806-A4E4AD3FD71F}.Debug|Any CPU.ActiveCfg = Debug|Any CPU
		{B40938AD-9E5E-43F2-B806-A4E4AD3FD71F}.Debug|Any CPU.Build.0 = Debug|Any CPU
		{B40938AD-9E5E-43F2-B806-A4E4AD3FD71F}.Release|Any CPU.ActiveCfg = Release|Any CPU
		{B40938AD-9E5E-43F2-B806-A4E4AD3FD71F}.Release|Any CPU.Build.0 = Release|Any CPU
	EndGlobalSection
	GlobalSection(SolutionProperties) = preSolution
		HideSolutionNode = FALSE
	EndGlobalSection
	GlobalSection(ExtensibilityGlobals) = postSolution
		SolutionGuid = {D74D51AE-0509-4668-AE73-571CA3D8C46C}
	EndGlobalSection
EndGlobal
