
Microsoft Visual Studio Solution File, Format Version 12.00
# Visual Studio Version 17
VisualStudioVersion = 17.1.32319.34
MinimumVisualStudioVersion = 10.0.40219.1
Project("{FAE04EC0-301F-11D3-BF4B-00C04F79EFBC}") = "FirstWPF", "FirstWPF\FirstWPF.csproj", "{EF03E343-07B9-4BD8-BB5C-27792ECD24A6}"
EndProject
Project("{9A19103F-16F7-4668-BE54-9A1E7A4F7556}") = "MyWPF", "MyWPF\MyWPF.csproj", "{653FF6AE-0636-4C1F-B3C4-457B2280842F}"
EndProject
Project("{9A19103F-16F7-4668-BE54-9A1E7A4F7556}") = "Aufgabe1", "Aufgabe1\Aufgabe1.csproj", "{DC9AC341-6584-4FDE-8504-59A0A1465439}"
EndProject
Project("{9A19103F-16F7-4668-BE54-9A1E7A4F7556}") = "Aufgabe2", "Aufgabe2\Aufgabe2.csproj", "{66E2D133-2510-48A2-B3D2-0BE6CB06173E}"
EndProject
Project("{FAE04EC0-301F-11D3-BF4B-00C04F79EFBC}") = "Aufgabe3", "Aufgabe3\Aufgabe3.csproj", "{36CF7CC5-3F84-43C9-A470-2E8A0DFDC9C6}"
EndProject
Global
	GlobalSection(SolutionConfigurationPlatforms) = preSolution
		Debug|Any CPU = Debug|Any CPU
		Release|Any CPU = Release|Any CPU
	EndGlobalSection
	GlobalSection(ProjectConfigurationPlatforms) = postSolution
		{EF03E343-07B9-4BD8-BB5C-27792ECD24A6}.Debug|Any CPU.ActiveCfg = Debug|Any CPU
		{EF03E343-07B9-4BD8-BB5C-27792ECD24A6}.Debug|Any CPU.Build.0 = Debug|Any CPU
		{EF03E343-07B9-4BD8-BB5C-27792ECD24A6}.Release|Any CPU.ActiveCfg = Release|Any CPU
		{EF03E343-07B9-4BD8-BB5C-27792ECD24A6}.Release|Any CPU.Build.0 = Release|Any CPU
		{653FF6AE-0636-4C1F-B3C4-457B2280842F}.Debug|Any CPU.ActiveCfg = Debug|Any CPU
		{653FF6AE-0636-4C1F-B3C4-457B2280842F}.Debug|Any CPU.Build.0 = Debug|Any CPU
		{653FF6AE-0636-4C1F-B3C4-457B2280842F}.Release|Any CPU.ActiveCfg = Release|Any CPU
		{653FF6AE-0636-4C1F-B3C4-457B2280842F}.Release|Any CPU.Build.0 = Release|Any CPU
		{DC9AC341-6584-4FDE-8504-59A0A1465439}.Debug|Any CPU.ActiveCfg = Debug|Any CPU
		{DC9AC341-6584-4FDE-8504-59A0A1465439}.Debug|Any CPU.Build.0 = Debug|Any CPU
		{DC9AC341-6584-4FDE-8504-59A0A1465439}.Release|Any CPU.ActiveCfg = Release|Any CPU
		{DC9AC341-6584-4FDE-8504-59A0A1465439}.Release|Any CPU.Build.0 = Release|Any CPU
		{66E2D133-2510-48A2-B3D2-0BE6CB06173E}.Debug|Any CPU.ActiveCfg = Debug|Any CPU
		{66E2D133-2510-48A2-B3D2-0BE6CB06173E}.Debug|Any CPU.Build.0 = Debug|Any CPU
		{66E2D133-2510-48A2-B3D2-0BE6CB06173E}.Release|Any CPU.ActiveCfg = Release|Any CPU
		{66E2D133-2510-48A2-B3D2-0BE6CB06173E}.Release|Any CPU.Build.0 = Release|Any CPU
		{36CF7CC5-3F84-43C9-A470-2E8A0DFDC9C6}.Debug|Any CPU.ActiveCfg = Debug|Any CPU
		{36CF7CC5-3F84-43C9-A470-2E8A0DFDC9C6}.Debug|Any CPU.Build.0 = Debug|Any CPU
		{36CF7CC5-3F84-43C9-A470-2E8A0DFDC9C6}.Release|Any CPU.ActiveCfg = Release|Any CPU
		{36CF7CC5-3F84-43C9-A470-2E8A0DFDC9C6}.Release|Any CPU.Build.0 = Release|Any CPU
	EndGlobalSection
	GlobalSection(SolutionProperties) = preSolution
		HideSolutionNode = FALSE
	EndGlobalSection
	GlobalSection(ExtensibilityGlobals) = postSolution
		SolutionGuid = {1972CDEB-C454-4E20-B53B-125DCA38DC4A}
	EndGlobalSection
EndGlobal
