
Microsoft Visual Studio Solution File, Format Version 12.00
# Visual Studio Version 17
VisualStudioVersion = 17.0.32014.148
MinimumVisualStudioVersion = 10.0.40219.1
Project("{9A19103F-16F7-4668-BE54-9A1E7A4F7556}") = "Zahlraten2", "Zahlraten2\Zahlraten2.csproj", "{9A4E94C0-8D4D-43FF-9DC6-5FACC0D8111D}"
EndProject
Global
	GlobalSection(SolutionConfigurationPlatforms) = preSolution
		Debug|Any CPU = Debug|Any CPU
		Release|Any CPU = Release|Any CPU
	EndGlobalSection
	GlobalSection(ProjectConfigurationPlatforms) = postSolution
		{9A4E94C0-8D4D-43FF-9DC6-5FACC0D8111D}.Debug|Any CPU.ActiveCfg = Debug|Any CPU
		{9A4E94C0-8D4D-43FF-9DC6-5FACC0D8111D}.Debug|Any CPU.Build.0 = Debug|Any CPU
		{9A4E94C0-8D4D-43FF-9DC6-5FACC0D8111D}.Release|Any CPU.ActiveCfg = Release|Any CPU
		{9A4E94C0-8D4D-43FF-9DC6-5FACC0D8111D}.Release|Any CPU.Build.0 = Release|Any CPU
	EndGlobalSection
	GlobalSection(SolutionProperties) = preSolution
		HideSolutionNode = FALSE
	EndGlobalSection
	GlobalSection(ExtensibilityGlobals) = postSolution
		SolutionGuid = {D08C2DA7-B316-437D-8112-39CD6CC80D38}
	EndGlobalSection
EndGlobal
